// !$*UTF8*$!
{
	archiveVersion = 1;
	classes = {
	};
	objectVersion = 48;
	objects = {

/* Begin PBXBuildFile section */
		6FE2FEC01F872C8B00FCC39E /* AppDelegate.swift in Sources */ = {isa = PBXBuildFile; fileRef = 6FE2FEBF1F872C8B00FCC39E /* AppDelegate.swift */; };
		6FE2FEC51F872C8B00FCC39E /* Main.storyboard in Resources */ = {isa = PBXBuildFile; fileRef = 6FE2FEC31F872C8B00FCC39E /* Main.storyboard */; };
		6FE2FEC71F872C8B00FCC39E /* Assets.xcassets in Resources */ = {isa = PBXBuildFile; fileRef = 6FE2FEC61F872C8B00FCC39E /* Assets.xcassets */; };
		6FE2FECA1F872C8B00FCC39E /* LaunchScreen.storyboard in Resources */ = {isa = PBXBuildFile; fileRef = 6FE2FEC81F872C8B00FCC39E /* LaunchScreen.storyboard */; };
		6FE2FED21F872D5D00FCC39E /* TwitterTableViewController.swift in Sources */ = {isa = PBXBuildFile; fileRef = 6FE2FED11F872D5D00FCC39E /* TwitterTableViewController.swift */; };
/* End PBXBuildFile section */

/* Begin PBXCopyFilesBuildPhase section */
		6FE2FEDF1F87A91900FCC39E /* Embed Frameworks */ = {
			isa = PBXCopyFilesBuildPhase;
			buildActionMask = 2147483647;
			dstPath = "";
			dstSubfolderSpec = 10;
			files = (
			);
			name = "Embed Frameworks";
			runOnlyForDeploymentPostprocessing = 0;
		};
/* End PBXCopyFilesBuildPhase section */

/* Begin PBXFileReference section */
		6FE2FEBC1F872C8B00FCC39E /* fakeTwitter.app */ = {isa = PBXFileReference; explicitFileType = wrapper.application; includeInIndex = 0; path = fakeTwitter.app; sourceTree = BUILT_PRODUCTS_DIR; };
		6FE2FEBF1F872C8B00FCC39E /* AppDelegate.swift */ = {isa = PBXFileReference; lastKnownFileType = sourcecode.swift; path = AppDelegate.swift; sourceTree = "<group>"; };
		6FE2FEC41F872C8B00FCC39E /* Base */ = {isa = PBXFileReference; lastKnownFileType = file.storyboard; name = Base; path = Base.lproj/Main.storyboard; sourceTree = "<group>"; };
		6FE2FEC61F872C8B00FCC39E /* Assets.xcassets */ = {isa = PBXFileReference; lastKnownFileType = folder.assetcatalog; path = Assets.xcassets; sourceTree = "<group>"; };
		6FE2FEC91F872C8B00FCC39E /* Base */ = {isa = PBXFileReference; lastKnownFileType = file.storyboard; name = Base; path = Base.lproj/LaunchScreen.storyboard; sourceTree = "<group>"; };
		6FE2FECB1F872C8B00FCC39E /* Info.plist */ = {isa = PBXFileReference; lastKnownFileType = text.plist.xml; path = Info.plist; sourceTree = "<group>"; };
		6FE2FED11F872D5D00FCC39E /* TwitterTableViewController.swift */ = {isa = PBXFileReference; lastKnownFileType = sourcecode.swift; path = TwitterTableViewController.swift; sourceTree = "<group>"; };
/* End PBXFileReference section */

/* Begin PBXFrameworksBuildPhase section */
		6FE2FEB91F872C8B00FCC39E /* Frameworks */ = {
			isa = PBXFrameworksBuildPhase;
			buildActionMask = 2147483647;
			files = (
			);
			runOnlyForDeploymentPostprocessing = 0;
		};
/* End PBXFrameworksBuildPhase section */

/* Begin PBXGroup section */
		6FE2FEB31F872C8B00FCC39E = {
			isa = PBXGroup;
			children = (
				6FE2FEBE1F872C8B00FCC39E /* fakeTwitter */,
				6FE2FEBD1F872C8B00FCC39E /* Products */,
			);
			sourceTree = "<group>";
		};
		6FE2FEBD1F872C8B00FCC39E /* Products */ = {
			isa = PBXGroup;
			children = (
				6FE2FEBC1F872C8B00FCC39E /* fakeTwitter.app */,
			);
			name = Products;
			sourceTree = "<group>";
		};
		6FE2FEBE1F872C8B00FCC39E /* fakeTwitter */ = {
			isa = PBXGroup;
			children = (
				6FE2FEBF1F872C8B00FCC39E /* AppDelegate.swift */,
				6FE2FEC31F872C8B00FCC39E /* Main.storyboard */,
				6FE2FED11F872D5D00FCC39E /* TwitterTableViewController.swift */,
				6FE2FEC61F872C8B00FCC39E /* Assets.xcassets */,
				6FE2FEC81F872C8B00FCC39E /* LaunchScreen.storyboard */,
				6FE2FECB1F872C8B00FCC39E /* Info.plist */,
			);
			path = fakeTwitter;
			sourceTree = "<group>";
		};
/* End PBXGroup section */

/* Begin PBXNativeTarget section */
		6FE2FEBB1F872C8B00FCC39E /* fakeTwitter */ = {
			isa = PBXNativeTarget;
			buildConfigurationList = 6FE2FECE1F872C8B00FCC39E /* Build configuration list for PBXNativeTarget "fakeTwitter" */;
			buildPhases = (
				6FE2FEB81F872C8B00FCC39E /* Sources */,
				6FE2FEB91F872C8B00FCC39E /* Frameworks */,
				6FE2FEBA1F872C8B00FCC39E /* Resources */,
				6FE2FEDF1F87A91900FCC39E /* Embed Frameworks */,
			);
			buildRules = (
			);
			dependencies = (
			);
			name = fakeTwitter;
			productName = fakeTwitter;
			productReference = 6FE2FEBC1F872C8B00FCC39E /* fakeTwitter.app */;
			productType = "com.apple.product-type.application";
		};
/* End PBXNativeTarget section */

/* Begin PBXProject section */
		6FE2FEB41F872C8B00FCC39E /* Project object */ = {
			isa = PBXProject;
			attributes = {
				LastSwiftUpdateCheck = 0900;
				LastUpgradeCheck = 0900;
				ORGANIZATIONNAME = "michael chan";
				TargetAttributes = {
					6FE2FEBB1F872C8B00FCC39E = {
						CreatedOnToolsVersion = 9.0;
						ProvisioningStyle = Automatic;
					};
				};
			};
			buildConfigurationList = 6FE2FEB71F872C8B00FCC39E /* Build configuration list for PBXProject "fakeTwitter" */;
			compatibilityVersion = "Xcode 8.0";
			developmentRegion = en;
			hasScannedForEncodings = 0;
			knownRegions = (
				en,
				Base,
			);
			mainGroup = 6FE2FEB31F872C8B00FCC39E;
			productRefGroup = 6FE2FEBD1F872C8B00FCC39E /* Products */;
			projectDirPath = "";
			projectRoot = "";
			targets = (
				6FE2FEBB1F872C8B00FCC39E /* fakeTwitter */,
			);
		};
/* End PBXProject section */

/* Begin PBXResourcesBuildPhase section */
		6FE2FEBA1F872C8B00FCC39E /* Resources */ = {
			isa = PBXResourcesBuildPhase;
			buildActionMask = 2147483647;
			files = (
				6FE2FECA1F872C8B00FCC39E /* LaunchScreen.storyboard in Resources */,
				6FE2FEC71F872C8B00FCC39E /* Assets.xcassets in Resources */,
				6FE2FEC51F872C8B00FCC39E /* Main.storyboard in Resources */,
			);
			runOnlyForDeploymentPostprocessing = 0;
		};
/* End PBXResourcesBuildPhase section */

/* Begin PBXSourcesBuildPhase section */
		6FE2FEB81F872C8B00FCC39E /* Sources */ = {
			isa = PBXSourcesBuildPhase;
			buildActionMask = 2147483647;
			files = (
				6FE2FED21F872D5D00FCC39E /* TwitterTableViewController.swift in Sources */,
				6FE2FEC01F872C8B00FCC39E /* AppDelegate.swift in Sources */,
			);
			runOnlyForDeploymentPostprocessing = 0;
		};
/* End PBXSourcesBuildPhase section */

/* Begin PBXVariantGroup section */
		6FE2FEC31F872C8B00FCC39E /* Main.storyboard */ = {
			isa = PBXVariantGroup;
			children = (
				6FE2FEC41F872C8B00FCC39E /* Base */,
			);
			name = Main.storyboard;
			sourceTree = "<group>";
		};
		6FE2FEC81F872C8B00FCC39E /* LaunchScreen.storyboard */ = {
			isa = PBXVariantGroup;
			children = (
				6FE2FEC91F872C8B00FCC39E /* Base */,
			);
			name = LaunchScreen.storyboard;
			sourceTree = "<group>";
		};
/* End PBXVariantGroup section */

/* Begin XCBuildConfiguration section */
		6FE2FECC1F872C8B00FCC39E /* Debug */ = {
			isa = XCBuildConfiguration;
			buildSettings = {
				ALWAYS_SEARCH_USER_PATHS = NO;
				CLANG_ANALYZER_NONNULL = YES;
				CLANG_ANALYZER_NUMBER_OBJECT_CONVERSION = YES_AGGRESSIVE;
				CLANG_CXX_LANGUAGE_STANDARD = "gnu++14";
				CLANG_CXX_LIBRARY = "libc++";
				CLANG_ENABLE_MODULES = YES;
				CLANG_ENABLE_OBJC_ARC = YES;
				CLANG_WARN_BLOCK_CAPTURE_AUTORELEASING = YES;
				CLANG_WARN_BOOL_CONVERSION = YES;
				CLANG_WARN_COMMA = YES;
				CLANG_WARN_CONSTANT_CONVERSION = YES;
				CLANG_WARN_DIRECT_OBJC_ISA_USAGE = YES_ERROR;
				CLANG_WARN_DOCUMENTATION_COMMENTS = YES;
				CLANG_WARN_EMPTY_BODY = YES;
				CLANG_WARN_ENUM_CONVERSION = YES;
				CLANG_WARN_INFINITE_RECURSION = YES;
				CLANG_WARN_INT_CONVERSION = YES;
				CLANG_WARN_NON_LITERAL_NULL_CONVERSION = YES;
				CLANG_WARN_OBJC_LITERAL_CONVERSION = YES;
				CLANG_WARN_OBJC_ROOT_CLASS = YES_ERROR;
				CLANG_WARN_RANGE_LOOP_ANALYSIS = YES;
				CLANG_WARN_STRICT_PROTOTYPES = YES;
				CLANG_WARN_SUSPICIOUS_MOVE = YES;
				CLANG_WARN_UNGUARDED_AVAILABILITY = YES_AGGRESSIVE;
				CLANG_WARN_UNREACHABLE_CODE = YES;
				CLANG_WARN__DUPLICATE_METHOD_MATCH = YES;
				CODE_SIGN_IDENTITY = "iPhone Developer";
				COPY_PHASE_STRIP = NO;
				DEBUG_INFORMATION_FORMAT = dwarf;
				ENABLE_STRICT_OBJC_MSGSEND = YES;
				ENABLE_TESTABILITY = YES;
				GCC_C_LANGUAGE_STANDARD = gnu11;
				GCC_DYNAMIC_NO_PIC = NO;
				GCC_NO_COMMON_BLOCKS = YES;
				GCC_OPTIMIZATION_LEVEL = 0;
				GCC_PREPROCESSOR_DEFINITIONS = (
					"DEBUG=1",
					"$(inherited)",
				);
				GCC_WARN_64_TO_32_BIT_CONVERSION = YES;
				GCC_WARN_ABOUT_RETURN_TYPE = YES_ERROR;
				GCC_WARN_UNDECLARED_SELECTOR = YES;
				GCC_WARN_UNINITIALIZED_AUTOS = YES_AGGRESSIVE;
				GCC_WARN_UNUSED_FUNCTION = YES;
				GCC_WARN_UNUSED_VARIABLE = YES;
				IPHONEOS_DEPLOYMENT_TARGET = 11.0;
				MTL_ENABLE_DEBUG_INFO = YES;
				ONLY_ACTIVE_ARCH = YES;
				SDKROOT = iphoneos;
				SWIFT_ACTIVE_COMPILATION_CONDITIONS = DEBUG;
				SWIFT_OPTIMIZATION_LEVEL = "-Onone";
			};
			name = Debug;
		};
		6FE2FECD1F872C8B00FCC39E /* Release */ = {
			isa = XCBuildConfiguration;
			buildSettings = {
				ALWAYS_SEARCH_USER_PATHS = NO;
				CLANG_ANALYZER_NONNULL = YES;
				CLANG_ANALYZER_NUMBER_OBJECT_CONVERSION = YES_AGGRESSIVE;
				CLANG_CXX_LANGUAGE_STANDARD = "gnu++14";
				CLANG_CXX_LIBRARY = "libc++";
				CLANG_ENABLE_MODULES = YES;
				CLANG_ENABLE_OBJC_ARC = YES;
				CLANG_WARN_BLOCK_CAPTURE_AUTORELEASING = YES;
				CLANG_WARN_BOOL_CONVERSION = YES;
				CLANG_WARN_COMMA = YES;
				CLANG_WARN_CONSTANT_CONVERSION = YES;
				CLANG_WARN_DIRECT_OBJC_ISA_USAGE = YES_ERROR;
				CLANG_WARN_DOCUMENTATION_COMMENTS = YES;
				CLANG_WARN_EMPTY_BODY = YES;
				CLANG_WARN_ENUM_CONVERSION = YES;
				CLANG_WARN_INFINITE_RECURSION = YES;
				CLANG_WARN_INT_CONVERSION = YES;
				CLANG_WARN_NON_LITERAL_NULL_CONVERSION = YES;
				CLANG_WARN_OBJC_LITERAL_CONVERSION = YES;
				CLANG_WARN_OBJC_ROOT_CLASS = YES_ERROR;
				CLANG_WARN_RANGE_LOOP_ANALYSIS = YES;
				CLANG_WARN_STRICT_PROTOTYPES = YES;
				CLANG_WARN_SUSPICIOUS_MOVE = YES;
				CLANG_WARN_UNGUARDED_AVAILABILITY = YES_AGGRESSIVE;
				CLANG_WARN_UNREACHABLE_CODE = YES;
				CLANG_WARN__DUPLICATE_METHOD_MATCH = YES;
				CODE_SIGN_IDENTITY = "iPhone Developer";
				COPY_PHASE_STRIP = NO;
				DEBUG_INFORMATION_FORMAT = "dwarf-with-dsym";
				ENABLE_NS_ASSERTIONS = NO;
				ENABLE_STRICT_OBJC_MSGSEND = YES;
				GCC_C_LANGUAGE_STANDARD = gnu11;
				GCC_NO_COMMON_BLOCKS = YES;
				GCC_WARN_64_TO_32_BIT_CONVERSION = YES;
				GCC_WARN_ABOUT_RETURN_TYPE = YES_ERROR;
				GCC_WARN_UNDECLARED_SELECTOR = YES;
				GCC_WARN_UNINITIALIZED_AUTOS = YES_AGGRESSIVE;
				GCC_WARN_UNUSED_FUNCTION = YES;
				GCC_WARN_UNUSED_VARIABLE = YES;
				IPHONEOS_DEPLOYMENT_TARGET = 11.0;
				MTL_ENABLE_DEBUG_INFO = NO;
				SDKROOT = iphoneos;
				SWIFT_OPTIMIZATION_LEVEL = "-Owholemodule";
				VALIDATE_PRODUCT = YES;
			};
			name = Release;
		};
		6FE2FECF1F872C8B00FCC39E /* Debug */ = {
			isa = XCBuildConfiguration;
			buildSettings = {
				ASSETCATALOG_COMPILER_APPICON_NAME = AppIcon;
				CODE_SIGN_STYLE = Automatic;
				DEVELOPMENT_TEAM = 4Z27JM42LL;
				INFOPLIST_FILE = fakeTwitter/Info.plist;
				LD_RUNPATH_SEARCH_PATHS = "$(inherited) @executable_path/Frameworks";
				PRODUCT_BUNDLE_IDENTIFIER = com.michaelchan.fakeTwitter;
				PRODUCT_NAME = "$(TARGET_NAME)";
				SWIFT_VERSION = 4.0;
				TARGETED_DEVICE_FAMILY = "1,2";
			};
			name = Debug;
		};
		6FE2FED01F872C8B00FCC39E /* Release */ = {
			isa = XCBuildConfiguration;
			buildSettings = {
				ASSETCATALOG_COMPILER_APPICON_NAME = AppIcon;
				CODE_SIGN_STYLE = Automatic;
				DEVELOPMENT_TEAM = 4Z27JM42LL;
				INFOPLIST_FILE = fakeTwitter/Info.plist;
				LD_RUNPATH_SEARCH_PATHS = "$(inherited) @executable_path/Frameworks";
				PRODUCT_BUNDLE_IDENTIFIER = com.michaelchan.fakeTwitter;
				PRODUCT_NAME = "$(TARGET_NAME)";
				SWIFT_VERSION = 4.0;
				TARGETED_DEVICE_FAMILY = "1,2";
			};
			name = Release;
		};
/* End XCBuildConfiguration section */

/* Begin XCConfigurationList section */
		6FE2FEB71F872C8B00FCC39E /* Build configuration list for PBXProject "fakeTwitter" */ = {
			isa = XCConfigurationList;
			buildConfigurations = (
				6FE2FECC1F872C8B00FCC39E /* Debug */,
				6FE2FECD1F872C8B00FCC39E /* Release */,
			);
			defaultConfigurationIsVisible = 0;
			defaultConfigurationName = Release;
		};
		6FE2FECE1F872C8B00FCC39E /* Build configuration list for PBXNativeTarget "fakeTwitter" */ = {
			isa = XCConfigurationList;
			buildConfigurations = (
				6FE2FECF1F872C8B00FCC39E /* Debug */,
				6FE2FED01F872C8B00FCC39E /* Release */,
			);
			defaultConfigurationIsVisible = 0;
			defaultConfigurationName = Release;
		};
/* End XCConfigurationList section */
	};
	rootObject = 6FE2FEB41F872C8B00FCC39E /* Project object */;
}
